// !$*UTF8*$!
{
	archiveVersion = 1;
	classes = {
	};
	objectVersion = 46;
	objects = {

/* Begin PBXBuildFile section */
		BAF4EF081C91021D00D3D018 /* AppDelegate.swift in Sources */ = {isa = PBXBuildFile; fileRef = BAF4EF071C91021D00D3D018 /* AppDelegate.swift */; };
		BAF4EF0A1C91021D00D3D018 /* ViewController.swift in Sources */ = {isa = PBXBuildFile; fileRef = BAF4EF091C91021D00D3D018 /* ViewController.swift */; };
		BAF4EF0D1C91021D00D3D018 /* Main.storyboard in Resources */ = {isa = PBXBuildFile; fileRef = BAF4EF0B1C91021D00D3D018 /* Main.storyboard */; };
		BAF4EF0F1C91021D00D3D018 /* Assets.xcassets in Resources */ = {isa = PBXBuildFile; fileRef = BAF4EF0E1C91021D00D3D018 /* Assets.xcassets */; };
		BAF4EF121C91021D00D3D018 /* LaunchScreen.storyboard in Resources */ = {isa = PBXBuildFile; fileRef = BAF4EF101C91021D00D3D018 /* LaunchScreen.storyboard */; };
/* End PBXBuildFile section */

/* Begin PBXFileReference section */
		BAF4EF041C91021D00D3D018 /* Electri-License.app */ = {isa = PBXFileReference; explicitFileType = wrapper.application; includeInIndex = 0; path = "Electri-License.app"; sourceTree = BUILT_PRODUCTS_DIR; };
		BAF4EF071C91021D00D3D018 /* AppDelegate.swift */ = {isa = PBXFileReference; lastKnownFileType = sourcecode.swift; path = AppDelegate.swift; sourceTree = "<group>"; };
		BAF4EF091C91021D00D3D018 /* ViewController.swift */ = {isa = PBXFileReference; lastKnownFileType = sourcecode.swift; path = ViewController.swift; sourceTree = "<group>"; };
		BAF4EF0C1C91021D00D3D018 /* Base */ = {isa = PBXFileReference; lastKnownFileType = file.storyboard; name = Base; path = Base.lproj/Main.storyboard; sourceTree = "<group>"; };
		BAF4EF0E1C91021D00D3D018 /* Assets.xcassets */ = {isa = PBXFileReference; lastKnownFileType = folder.assetcatalog; path = Assets.xcassets; sourceTree = "<group>"; };
		BAF4EF111C91021D00D3D018 /* Base */ = {isa = PBXFileReference; lastKnownFileType = file.storyboard; name = Base; path = Base.lproj/LaunchScreen.storyboard; sourceTree = "<group>"; };
		BAF4EF131C91021D00D3D018 /* Info.plist */ = {isa = PBXFileReference; lastKnownFileType = text.plist.xml; path = Info.plist; sourceTree = "<group>"; };
/* End PBXFileReference section */

/* Begin PBXFrameworksBuildPhase section */
		BAF4EF011C91021D00D3D018 /* Frameworks */ = {
			isa = PBXFrameworksBuildPhase;
			buildActionMask = 2147483647;
			files = (
			);
			runOnlyForDeploymentPostprocessing = 0;
		};
/* End PBXFrameworksBuildPhase section */

/* Begin PBXGroup section */
		BAF4EEFB1C91021D00D3D018 = {
			isa = PBXGroup;
			children = (
				BAF4EF061C91021D00D3D018 /* Electri-License */,
				BAF4EF051C91021D00D3D018 /* Products */,
			);
			sourceTree = "<group>";
		};
		BAF4EF051C91021D00D3D018 /* Products */ = {
			isa = PBXGroup;
			children = (
				BAF4EF041C91021D00D3D018 /* Electri-License.app */,
			);
			name = Products;
			sourceTree = "<group>";
		};
		BAF4EF061C91021D00D3D018 /* Electri-License */ = {
			isa = PBXGroup;
			children = (
				BAF4EF071C91021D00D3D018 /* AppDelegate.swift */,
				BAF4EF091C91021D00D3D018 /* ViewController.swift */,
				BAF4EF0B1C91021D00D3D018 /* Main.storyboard */,
				BAF4EF0E1C91021D00D3D018 /* Assets.xcassets */,
				BAF4EF101C91021D00D3D018 /* LaunchScreen.storyboard */,
				BAF4EF131C91021D00D3D018 /* Info.plist */,
			);
			path = "Electri-License";
			sourceTree = "<group>";
		};
/* End PBXGroup section */

/* Begin PBXNativeTarget section */
		BAF4EF031C91021D00D3D018 /* Electri-License */ = {
			isa = PBXNativeTarget;
			buildConfigurationList = BAF4EF161C91021D00D3D018 /* Build configuration list for PBXNativeTarget "Electri-License" */;
			buildPhases = (
				BAF4EF001C91021D00D3D018 /* Sources */,
				BAF4EF011C91021D00D3D018 /* Frameworks */,
				BAF4EF021C91021D00D3D018 /* Resources */,
			);
			buildRules = (
			);
			dependencies = (
			);
			name = "Electri-License";
			productName = "Electri-License";
			productReference = BAF4EF041C91021D00D3D018 /* Electri-License.app */;
			productType = "com.apple.product-type.application";
		};
/* End PBXNativeTarget section */

/* Begin PBXProject section */
		BAF4EEFC1C91021D00D3D018 /* Project object */ = {
			isa = PBXProject;
			attributes = {
				LastSwiftUpdateCheck = 0720;
				LastUpgradeCheck = 0720;
				ORGANIZATIONNAME = "State Exam Pass";
				TargetAttributes = {
					BAF4EF031C91021D00D3D018 = {
						CreatedOnToolsVersion = 7.2.1;
						DevelopmentTeam = TPD5RSUEB6;
					};
				};
			};
			buildConfigurationList = BAF4EEFF1C91021D00D3D018 /* Build configuration list for PBXProject "Electri-License" */;
			compatibilityVersion = "Xcode 3.2";
			developmentRegion = English;
			hasScannedForEncodings = 0;
			knownRegions = (
				en,
				Base,
			);
			mainGroup = BAF4EEFB1C91021D00D3D018;
			productRefGroup = BAF4EF051C91021D00D3D018 /* Products */;
			projectDirPath = "";
			projectRoot = "";
			targets = (
				BAF4EF031C91021D00D3D018 /* Electri-License */,
			);
		};
/* End PBXProject section */

/* Begin PBXResourcesBuildPhase section */
		BAF4EF021C91021D00D3D018 /* Resources */ = {
			isa = PBXResourcesBuildPhase;
			buildActionMask = 2147483647;
			files = (
				BAF4EF121C91021D00D3D018 /* LaunchScreen.storyboard in Resources */,
				BAF4EF0F1C91021D00D3D018 /* Assets.xcassets in Resources */,
				BAF4EF0D1C91021D00D3D018 /* Main.storyboard in Resources */,
			);
			runOnlyForDeploymentPostprocessing = 0;
		};
/* End PBXResourcesBuildPhase section */

/* Begin PBXSourcesBuildPhase section */
		BAF4EF001C91021D00D3D018 /* Sources */ = {
			isa = PBXSourcesBuildPhase;
			buildActionMask = 2147483647;
			files = (
				BAF4EF0A1C91021D00D3D018 /* ViewController.swift in Sources */,
				BAF4EF081C91021D00D3D018 /* AppDelegate.swift in Sources */,
			);
			runOnlyForDeploymentPostprocessing = 0;
		};
/* End PBXSourcesBuildPhase section */

/* Begin PBXVariantGroup section */
		BAF4EF0B1C91021D00D3D018 /* Main.storyboard */ = {
			isa = PBXVariantGroup;
			children = (
				BAF4EF0C1C91021D00D3D018 /* Base */,
			);
			name = Main.storyboard;
			sourceTree = "<group>";
		};
		BAF4EF101C91021D00D3D018 /* LaunchScreen.storyboard */ = {
			isa = PBXVariantGroup;
			children = (
				BAF4EF111C91021D00D3D018 /* Base */,
			);
			name = LaunchScreen.storyboard;
			sourceTree = "<group>";
		};
/* End PBXVariantGroup section */

/* Begin XCBuildConfiguration section */
		BAF4EF141C91021D00D3D018 /* Debug */ = {
			isa = XCBuildConfiguration;
			buildSettings = {
				ALWAYS_SEARCH_USER_PATHS = NO;
				CLANG_CXX_LANGUAGE_STANDARD = "gnu++0x";
				CLANG_CXX_LIBRARY = "libc++";
				CLANG_ENABLE_MODULES = YES;
				CLANG_ENABLE_OBJC_ARC = YES;
				CLANG_WARN_BOOL_CONVERSION = YES;
				CLANG_WARN_CONSTANT_CONVERSION = YES;
				CLANG_WARN_DIRECT_OBJC_ISA_USAGE = YES_ERROR;
				CLANG_WARN_EMPTY_BODY = YES;
				CLANG_WARN_ENUM_CONVERSION = YES;
				CLANG_WARN_INT_CONVERSION = YES;
				CLANG_WARN_OBJC_ROOT_CLASS = YES_ERROR;
				CLANG_WARN_UNREACHABLE_CODE = YES;
				CLANG_WARN__DUPLICATE_METHOD_MATCH = YES;
				"CODE_SIGN_IDENTITY[sdk=iphoneos*]" = "iPhone Developer";
				COPY_PHASE_STRIP = NO;
				DEBUG_INFORMATION_FORMAT = dwarf;
				ENABLE_STRICT_OBJC_MSGSEND = YES;
				ENABLE_TESTABILITY = YES;
				GCC_C_LANGUAGE_STANDARD = gnu99;
				GCC_DYNAMIC_NO_PIC = NO;
				GCC_NO_COMMON_BLOCKS = YES;
				GCC_OPTIMIZATION_LEVEL = 0;
				GCC_PREPROCESSOR_DEFINITIONS = (
					"DEBUG=1",
					"$(inherited)",
				);
				GCC_WARN_64_TO_32_BIT_CONVERSION = YES;
				GCC_WARN_ABOUT_RETURN_TYPE = YES_ERROR;
				GCC_WARN_UNDECLARED_SELECTOR = YES;
				GCC_WARN_UNINITIALIZED_AUTOS = YES_AGGRESSIVE;
				GCC_WARN_UNUSED_FUNCTION = YES;
				GCC_WARN_UNUSED_VARIABLE = YES;
				IPHONEOS_DEPLOYMENT_TARGET = 9.2;
				MTL_ENABLE_DEBUG_INFO = YES;
				ONLY_ACTIVE_ARCH = YES;
				SDKROOT = iphoneos;
				SWIFT_OPTIMIZATION_LEVEL = "-Onone";
				TARGETED_DEVICE_FAMILY = "1,2";
			};
			name = Debug;
		};
		BAF4EF151C91021D00D3D018 /* Release */ = {
			isa = XCBuildConfiguration;
			buildSettings = {
				ALWAYS_SEARCH_USER_PATHS = NO;
				CLANG_CXX_LANGUAGE_STANDARD = "gnu++0x";
				CLANG_CXX_LIBRARY = "libc++";
				CLANG_ENABLE_MODULES = YES;
				CLANG_ENABLE_OBJC_ARC = YES;
				CLANG_WARN_BOOL_CONVERSION = YES;
				CLANG_WARN_CONSTANT_CONVERSION = YES;
				CLANG_WARN_DIRECT_OBJC_ISA_USAGE = YES_ERROR;
				CLANG_WARN_EMPTY_BODY = YES;
				CLANG_WARN_ENUM_CONVERSION = YES;
				CLANG_WARN_INT_CONVERSION = YES;
				CLANG_WARN_OBJC_ROOT_CLASS = YES_ERROR;
				CLANG_WARN_UNREACHABLE_CODE = YES;
				CLANG_WARN__DUPLICATE_METHOD_MATCH = YES;
				"CODE_SIGN_IDENTITY[sdk=iphoneos*]" = "iPhone Developer";
				COPY_PHASE_STRIP = NO;
				DEBUG_INFORMATION_FORMAT = "dwarf-with-dsym";
				ENABLE_NS_ASSERTIONS = NO;
				ENABLE_STRICT_OBJC_MSGSEND = YES;
				GCC_C_LANGUAGE_STANDARD = gnu99;
				GCC_NO_COMMON_BLOCKS = YES;
				GCC_WARN_64_TO_32_BIT_CONVERSION = YES;
				GCC_WARN_ABOUT_RETURN_TYPE = YES_ERROR;
				GCC_WARN_UNDECLARED_SELECTOR = YES;
				GCC_WARN_UNINITIALIZED_AUTOS = YES_AGGRESSIVE;
				GCC_WARN_UNUSED_FUNCTION = YES;
				GCC_WARN_UNUSED_VARIABLE = YES;
				IPHONEOS_DEPLOYMENT_TARGET = 9.2;
				MTL_ENABLE_DEBUG_INFO = NO;
				SDKROOT = iphoneos;
				TARGETED_DEVICE_FAMILY = "1,2";
				VALIDATE_PRODUCT = YES;
			};
			name = Release;
		};
		BAF4EF171C91021D00D3D018 /* Debug */ = {
			isa = XCBuildConfiguration;
			buildSettings = {
				ASSETCATALOG_COMPILER_APPICON_NAME = AppIcon;
				INFOPLIST_FILE = "Electri-License/Info.plist";
				LD_RUNPATH_SEARCH_PATHS = "$(inherited) @executable_path/Frameworks";
				PRODUCT_BUNDLE_IDENTIFIER = "com.stateexampass.Electri-License";
				PRODUCT_NAME = "$(TARGET_NAME)";
			};
			name = Debug;
		};
		BAF4EF181C91021D00D3D018 /* Release */ = {
			isa = XCBuildConfiguration;
			buildSettings = {
				ASSETCATALOG_COMPILER_APPICON_NAME = AppIcon;
				INFOPLIST_FILE = "Electri-License/Info.plist";
				LD_RUNPATH_SEARCH_PATHS = "$(inherited) @executable_path/Frameworks";
				PRODUCT_BUNDLE_IDENTIFIER = "com.stateexampass.Electri-License";
				PRODUCT_NAME = "$(TARGET_NAME)";
			};
			name = Release;
		};
/* End XCBuildConfiguration section */

/* Begin XCConfigurationList section */
		BAF4EEFF1C91021D00D3D018 /* Build configuration list for PBXProject "Electri-License" */ = {
			isa = XCConfigurationList;
			buildConfigurations = (
				BAF4EF141C91021D00D3D018 /* Debug */,
				BAF4EF151C91021D00D3D018 /* Release */,
			);
			defaultConfigurationIsVisible = 0;
			defaultConfigurationName = Release;
		};
		BAF4EF161C91021D00D3D018 /* Build configuration list for PBXNativeTarget "Electri-License" */ = {
			isa = XCConfigurationList;
			buildConfigurations = (
				BAF4EF171C91021D00D3D018 /* Debug */,
				BAF4EF181C91021D00D3D018 /* Release */,
			);
			defaultConfigurationIsVisible = 0;
		};
/* End XCConfigurationList section */
	};
	rootObject = BAF4EEFC1C91021D00D3D018 /* Project object */;
}
